
Microsoft Visual Studio Solution File, Format Version 12.00
# Visual Studio Version 17
VisualStudioVersion = 17.11.35222.181
MinimumVisualStudioVersion = 10.0.40219.1
Project("{FAE04EC0-301F-11D3-BF4B-00C04F79EFBC}") = "QD_Checklists", "QD_Checklists.csproj", "{D5D6C0DF-B040-4416-BC39-7D49AD2F8E45}"
EndProject
Global
	GlobalSection(SolutionConfigurationPlatforms) = preSolution
		Debug|Any CPU = Debug|Any CPU
		Release|Any CPU = Release|Any CPU
	EndGlobalSection
	GlobalSection(ProjectConfigurationPlatforms) = postSolution
		{D5D6C0DF-B040-4416-BC39-7D49AD2F8E45}.Debug|Any CPU.ActiveCfg = Debug|Any CPU
		{D5D6C0DF-B040-4416-BC39-7D49AD2F8E45}.Debug|Any CPU.Build.0 = Debug|Any CPU
		{D5D6C0DF-B040-4416-BC39-7D49AD2F8E45}.Release|Any CPU.ActiveCfg = Release|Any CPU
		{D5D6C0DF-B040-4416-BC39-7D49AD2F8E45}.Release|Any CPU.Build.0 = Release|Any CPU
	EndGlobalSection
	GlobalSection(SolutionProperties) = preSolution
		HideSolutionNode = FALSE
	EndGlobalSection
	GlobalSection(ExtensibilityGlobals) = postSolution
		SolutionGuid = {F7898D9C-77A9-4E62-9951-91743DA1FFF3}
	EndGlobalSection
EndGlobal
